
Microsoft Visual Studio Solution File, Format Version 12.00
# Visual Studio Version 17
VisualStudioVersion = 17.0.31903.59
MinimumVisualStudioVersion = 10.0.40219.1
Project("{FAE04EC0-301F-11D3-BF4B-00C04F79EFBC}") = "TodoApp.Api", "TodoApp.Api\TodoApp.Api.csproj", "{1176FCB3-0248-4FA0-8738-5851C73A00DC}"
EndProject
Project("{FAE04EC0-301F-11D3-BF4B-00C04F79EFBC}") = "TodoApp.Domain", "TodoApp.Domain\TodoApp.Domain.csproj", "{1DF40FE7-7BE4-4562-9D67-155AA1C62438}"
EndProject
Project("{FAE04EC0-301F-11D3-BF4B-00C04F79EFBC}") = "TodoApp.Application", "TodoApp.Application\TodoApp.Application.csproj", "{3E5D2AD0-7046-4E24-893B-1CEBB70261CA}"
EndProject
Project("{FAE04EC0-301F-11D3-BF4B-00C04F79EFBC}") = "TodoApp.Infrastructure", "TodoApp.Infrastructure\TodoApp.Infrastructure.csproj", "{3399476F-5303-49B6-8001-5FA33A38660E}"
EndProject
Project("{E53339B2-1760-4266-BCC7-CA923CBCF16C}") = "docker-compose", "docker-compose.dcproj", "{81DDED9D-158B-E303-5F62-77A2896D2A5A}"
EndProject
Project("{FAE04EC0-301F-11D3-BF4B-00C04F79EFBC}") = "TodoApp.EmailWorker", "TodoApp.EmailWorker\TodoApp.EmailWorker.csproj", "{25664755-50D1-4C97-90E7-BDFA1F37CB63}"
EndProject
Project("{FAE04EC0-301F-11D3-BF4B-00C04F79EFBC}") = "TodoApp.Data", "TodoApp.Data\TodoApp.Data.csproj", "{022D4566-D373-4D1A-A3CA-0A5569F62470}"
EndProject
Project("{FAE04EC0-301F-11D3-BF4B-00C04F79EFBC}") = "TodoApp.TodoTest", "TodoApp.TodoTest\TodoApp.TodoTest.csproj", "{A2F2F377-AB17-4A53-BF4A-665AE64ECE95}"
EndProject
Global
	GlobalSection(SolutionConfigurationPlatforms) = preSolution
		Debug|Any CPU = Debug|Any CPU
		Debug|x64 = Debug|x64
		Debug|x86 = Debug|x86
		Release|Any CPU = Release|Any CPU
		Release|x64 = Release|x64
		Release|x86 = Release|x86
	EndGlobalSection
	GlobalSection(ProjectConfigurationPlatforms) = postSolution
		{1176FCB3-0248-4FA0-8738-5851C73A00DC}.Debug|Any CPU.ActiveCfg = Debug|Any CPU
		{1176FCB3-0248-4FA0-8738-5851C73A00DC}.Debug|Any CPU.Build.0 = Debug|Any CPU
		{1176FCB3-0248-4FA0-8738-5851C73A00DC}.Debug|x64.ActiveCfg = Debug|Any CPU
		{1176FCB3-0248-4FA0-8738-5851C73A00DC}.Debug|x64.Build.0 = Debug|Any CPU
		{1176FCB3-0248-4FA0-8738-5851C73A00DC}.Debug|x86.ActiveCfg = Debug|Any CPU
		{1176FCB3-0248-4FA0-8738-5851C73A00DC}.Debug|x86.Build.0 = Debug|Any CPU
		{1176FCB3-0248-4FA0-8738-5851C73A00DC}.Release|Any CPU.ActiveCfg = Release|Any CPU
		{1176FCB3-0248-4FA0-8738-5851C73A00DC}.Release|Any CPU.Build.0 = Release|Any CPU
		{1176FCB3-0248-4FA0-8738-5851C73A00DC}.Release|x64.ActiveCfg = Release|Any CPU
		{1176FCB3-0248-4FA0-8738-5851C73A00DC}.Release|x64.Build.0 = Release|Any CPU
		{1176FCB3-0248-4FA0-8738-5851C73A00DC}.Release|x86.ActiveCfg = Release|Any CPU
		{1176FCB3-0248-4FA0-8738-5851C73A00DC}.Release|x86.Build.0 = Release|Any CPU
		{1DF40FE7-7BE4-4562-9D67-155AA1C62438}.Debug|Any CPU.ActiveCfg = Debug|Any CPU
		{1DF40FE7-7BE4-4562-9D67-155AA1C62438}.Debug|Any CPU.Build.0 = Debug|Any CPU
		{1DF40FE7-7BE4-4562-9D67-155AA1C62438}.Debug|x64.ActiveCfg = Debug|Any CPU
		{1DF40FE7-7BE4-4562-9D67-155AA1C62438}.Debug|x64.Build.0 = Debug|Any CPU
		{1DF40FE7-7BE4-4562-9D67-155AA1C62438}.Debug|x86.ActiveCfg = Debug|Any CPU
		{1DF40FE7-7BE4-4562-9D67-155AA1C62438}.Debug|x86.Build.0 = Debug|Any CPU
		{1DF40FE7-7BE4-4562-9D67-155AA1C62438}.Release|Any CPU.ActiveCfg = Release|Any CPU
		{1DF40FE7-7BE4-4562-9D67-155AA1C62438}.Release|Any CPU.Build.0 = Release|Any CPU
		{1DF40FE7-7BE4-4562-9D67-155AA1C62438}.Release|x64.ActiveCfg = Release|Any CPU
		{1DF40FE7-7BE4-4562-9D67-155AA1C62438}.Release|x64.Build.0 = Release|Any CPU
		{1DF40FE7-7BE4-4562-9D67-155AA1C62438}.Release|x86.ActiveCfg = Release|Any CPU
		{1DF40FE7-7BE4-4562-9D67-155AA1C62438}.Release|x86.Build.0 = Release|Any CPU
		{3E5D2AD0-7046-4E24-893B-1CEBB70261CA}.Debug|Any CPU.ActiveCfg = Debug|Any CPU
		{3E5D2AD0-7046-4E24-893B-1CEBB70261CA}.Debug|Any CPU.Build.0 = Debug|Any CPU
		{3E5D2AD0-7046-4E24-893B-1CEBB70261CA}.Debug|x64.ActiveCfg = Debug|Any CPU
		{3E5D2AD0-7046-4E24-893B-1CEBB70261CA}.Debug|x64.Build.0 = Debug|Any CPU
		{3E5D2AD0-7046-4E24-893B-1CEBB70261CA}.Debug|x86.ActiveCfg = Debug|Any CPU
		{3E5D2AD0-7046-4E24-893B-1CEBB70261CA}.Debug|x86.Build.0 = Debug|Any CPU
		{3E5D2AD0-7046-4E24-893B-1CEBB70261CA}.Release|Any CPU.ActiveCfg = Release|Any CPU
		{3E5D2AD0-7046-4E24-893B-1CEBB70261CA}.Release|Any CPU.Build.0 = Release|Any CPU
		{3E5D2AD0-7046-4E24-893B-1CEBB70261CA}.Release|x64.ActiveCfg = Release|Any CPU
		{3E5D2AD0-7046-4E24-893B-1CEBB70261CA}.Release|x64.Build.0 = Release|Any CPU
		{3E5D2AD0-7046-4E24-893B-1CEBB70261CA}.Release|x86.ActiveCfg = Release|Any CPU
		{3E5D2AD0-7046-4E24-893B-1CEBB70261CA}.Release|x86.Build.0 = Release|Any CPU
		{3399476F-5303-49B6-8001-5FA33A38660E}.Debug|Any CPU.ActiveCfg = Debug|Any CPU
		{3399476F-5303-49B6-8001-5FA33A38660E}.Debug|Any CPU.Build.0 = Debug|Any CPU
		{3399476F-5303-49B6-8001-5FA33A38660E}.Debug|x64.ActiveCfg = Debug|Any CPU
		{3399476F-5303-49B6-8001-5FA33A38660E}.Debug|x64.Build.0 = Debug|Any CPU
		{3399476F-5303-49B6-8001-5FA33A38660E}.Debug|x86.ActiveCfg = Debug|Any CPU
		{3399476F-5303-49B6-8001-5FA33A38660E}.Debug|x86.Build.0 = Debug|Any CPU
		{3399476F-5303-49B6-8001-5FA33A38660E}.Release|Any CPU.ActiveCfg = Release|Any CPU
		{3399476F-5303-49B6-8001-5FA33A38660E}.Release|Any CPU.Build.0 = Release|Any CPU
		{3399476F-5303-49B6-8001-5FA33A38660E}.Release|x64.ActiveCfg = Release|Any CPU
		{3399476F-5303-49B6-8001-5FA33A38660E}.Release|x64.Build.0 = Release|Any CPU
		{3399476F-5303-49B6-8001-5FA33A38660E}.Release|x86.ActiveCfg = Release|Any CPU
		{3399476F-5303-49B6-8001-5FA33A38660E}.Release|x86.Build.0 = Release|Any CPU
		{81DDED9D-158B-E303-5F62-77A2896D2A5A}.Debug|Any CPU.ActiveCfg = Debug|Any CPU
		{81DDED9D-158B-E303-5F62-77A2896D2A5A}.Debug|Any CPU.Build.0 = Debug|Any CPU
		{81DDED9D-158B-E303-5F62-77A2896D2A5A}.Debug|x64.ActiveCfg = Debug|Any CPU
		{81DDED9D-158B-E303-5F62-77A2896D2A5A}.Debug|x64.Build.0 = Debug|Any CPU
		{81DDED9D-158B-E303-5F62-77A2896D2A5A}.Debug|x86.ActiveCfg = Debug|Any CPU
		{81DDED9D-158B-E303-5F62-77A2896D2A5A}.Debug|x86.Build.0 = Debug|Any CPU
		{81DDED9D-158B-E303-5F62-77A2896D2A5A}.Release|Any CPU.ActiveCfg = Release|Any CPU
		{81DDED9D-158B-E303-5F62-77A2896D2A5A}.Release|Any CPU.Build.0 = Release|Any CPU
		{81DDED9D-158B-E303-5F62-77A2896D2A5A}.Release|x64.ActiveCfg = Release|Any CPU
		{81DDED9D-158B-E303-5F62-77A2896D2A5A}.Release|x64.Build.0 = Release|Any CPU
		{81DDED9D-158B-E303-5F62-77A2896D2A5A}.Release|x86.ActiveCfg = Release|Any CPU
		{81DDED9D-158B-E303-5F62-77A2896D2A5A}.Release|x86.Build.0 = Release|Any CPU
		{25664755-50D1-4C97-90E7-BDFA1F37CB63}.Debug|Any CPU.ActiveCfg = Debug|Any CPU
		{25664755-50D1-4C97-90E7-BDFA1F37CB63}.Debug|Any CPU.Build.0 = Debug|Any CPU
		{25664755-50D1-4C97-90E7-BDFA1F37CB63}.Debug|x64.ActiveCfg = Debug|Any CPU
		{25664755-50D1-4C97-90E7-BDFA1F37CB63}.Debug|x64.Build.0 = Debug|Any CPU
		{25664755-50D1-4C97-90E7-BDFA1F37CB63}.Debug|x86.ActiveCfg = Debug|Any CPU
		{25664755-50D1-4C97-90E7-BDFA1F37CB63}.Debug|x86.Build.0 = Debug|Any CPU
		{25664755-50D1-4C97-90E7-BDFA1F37CB63}.Release|Any CPU.ActiveCfg = Release|Any CPU
		{25664755-50D1-4C97-90E7-BDFA1F37CB63}.Release|Any CPU.Build.0 = Release|Any CPU
		{25664755-50D1-4C97-90E7-BDFA1F37CB63}.Release|x64.ActiveCfg = Release|Any CPU
		{25664755-50D1-4C97-90E7-BDFA1F37CB63}.Release|x64.Build.0 = Release|Any CPU
		{25664755-50D1-4C97-90E7-BDFA1F37CB63}.Release|x86.ActiveCfg = Release|Any CPU
		{25664755-50D1-4C97-90E7-BDFA1F37CB63}.Release|x86.Build.0 = Release|Any CPU
		{022D4566-D373-4D1A-A3CA-0A5569F62470}.Debug|Any CPU.ActiveCfg = Debug|Any CPU
		{022D4566-D373-4D1A-A3CA-0A5569F62470}.Debug|Any CPU.Build.0 = Debug|Any CPU
		{022D4566-D373-4D1A-A3CA-0A5569F62470}.Debug|x64.ActiveCfg = Debug|Any CPU
		{022D4566-D373-4D1A-A3CA-0A5569F62470}.Debug|x64.Build.0 = Debug|Any CPU
		{022D4566-D373-4D1A-A3CA-0A5569F62470}.Debug|x86.ActiveCfg = Debug|Any CPU
		{022D4566-D373-4D1A-A3CA-0A5569F62470}.Debug|x86.Build.0 = Debug|Any CPU
		{022D4566-D373-4D1A-A3CA-0A5569F62470}.Release|Any CPU.ActiveCfg = Release|Any CPU
		{022D4566-D373-4D1A-A3CA-0A5569F62470}.Release|Any CPU.Build.0 = Release|Any CPU
		{022D4566-D373-4D1A-A3CA-0A5569F62470}.Release|x64.ActiveCfg = Release|Any CPU
		{022D4566-D373-4D1A-A3CA-0A5569F62470}.Release|x64.Build.0 = Release|Any CPU
		{022D4566-D373-4D1A-A3CA-0A5569F62470}.Release|x86.ActiveCfg = Release|Any CPU
		{022D4566-D373-4D1A-A3CA-0A5569F62470}.Release|x86.Build.0 = Release|Any CPU
		{A2F2F377-AB17-4A53-BF4A-665AE64ECE95}.Debug|Any CPU.ActiveCfg = Debug|Any CPU
		{A2F2F377-AB17-4A53-BF4A-665AE64ECE95}.Debug|Any CPU.Build.0 = Debug|Any CPU
		{A2F2F377-AB17-4A53-BF4A-665AE64ECE95}.Debug|x64.ActiveCfg = Debug|Any CPU
		{A2F2F377-AB17-4A53-BF4A-665AE64ECE95}.Debug|x64.Build.0 = Debug|Any CPU
		{A2F2F377-AB17-4A53-BF4A-665AE64ECE95}.Debug|x86.ActiveCfg = Debug|Any CPU
		{A2F2F377-AB17-4A53-BF4A-665AE64ECE95}.Debug|x86.Build.0 = Debug|Any CPU
		{A2F2F377-AB17-4A53-BF4A-665AE64ECE95}.Release|Any CPU.ActiveCfg = Release|Any CPU
		{A2F2F377-AB17-4A53-BF4A-665AE64ECE95}.Release|Any CPU.Build.0 = Release|Any CPU
		{A2F2F377-AB17-4A53-BF4A-665AE64ECE95}.Release|x64.ActiveCfg = Release|Any CPU
		{A2F2F377-AB17-4A53-BF4A-665AE64ECE95}.Release|x64.Build.0 = Release|Any CPU
		{A2F2F377-AB17-4A53-BF4A-665AE64ECE95}.Release|x86.ActiveCfg = Release|Any CPU
		{A2F2F377-AB17-4A53-BF4A-665AE64ECE95}.Release|x86.Build.0 = Release|Any CPU
	EndGlobalSection
	GlobalSection(SolutionProperties) = preSolution
		HideSolutionNode = FALSE
	EndGlobalSection
EndGlobal
